
Microsoft Visual Studio Solution File, Format Version 12.00
# Visual Studio Version 16
VisualStudioVersion = 16.0.29613.14
MinimumVisualStudioVersion = 10.0.40219.1
Project("{FAE04EC0-301F-11D3-BF4B-00C04F79EFBC}") = "sandbox", "sandbox\sandbox.csproj", "{86C4D427-9287-4126-AFB7-9E72350E6ECF}"
EndProject
Global
	GlobalSection(SolutionConfigurationPlatforms) = preSolution
		Debug|Any CPU = Debug|Any CPU
		Release|Any CPU = Release|Any CPU
	EndGlobalSection
	GlobalSection(ProjectConfigurationPlatforms) = postSolution
		{86C4D427-9287-4126-AFB7-9E72350E6ECF}.Debug|Any CPU.ActiveCfg = Debug|Any CPU
		{86C4D427-9287-4126-AFB7-9E72350E6ECF}.Debug|Any CPU.Build.0 = Debug|Any CPU
		{86C4D427-9287-4126-AFB7-9E72350E6ECF}.Release|Any CPU.ActiveCfg = Release|Any CPU
		{86C4D427-9287-4126-AFB7-9E72350E6ECF}.Release|Any CPU.Build.0 = Release|Any CPU
	EndGlobalSection
	GlobalSection(SolutionProperties) = preSolution
		HideSolutionNode = FALSE
	EndGlobalSection
	GlobalSection(ExtensibilityGlobals) = postSolution
		SolutionGuid = {F42F3EFF-23DA-4176-A0FF-F388CEE4D699}
	EndGlobalSection
EndGlobal
